
Microsoft Visual Studio Solution File, Format Version 12.00
# Visual Studio Version 17
VisualStudioVersion = 17.3.32819.101
MinimumVisualStudioVersion = 10.0.40219.1
Project("{9A19103F-16F7-4668-BE54-9A1E7A4F7556}") = "TibcoConnect", "TibcoConnect\TibcoConnect.csproj", "{1F1C9141-F9E9-4AA1-BFA2-30C27670D083}"
EndProject
Global
	GlobalSection(SolutionConfigurationPlatforms) = preSolution
		Debug|Any CPU = Debug|Any CPU
		Release|Any CPU = Release|Any CPU
	EndGlobalSection
	GlobalSection(ProjectConfigurationPlatforms) = postSolution
		{1F1C9141-F9E9-4AA1-BFA2-30C27670D083}.Debug|Any CPU.ActiveCfg = Debug|Any CPU
		{1F1C9141-F9E9-4AA1-BFA2-30C27670D083}.Debug|Any CPU.Build.0 = Debug|Any CPU
		{1F1C9141-F9E9-4AA1-BFA2-30C27670D083}.Release|Any CPU.ActiveCfg = Release|Any CPU
		{1F1C9141-F9E9-4AA1-BFA2-30C27670D083}.Release|Any CPU.Build.0 = Release|Any CPU
	EndGlobalSection
	GlobalSection(SolutionProperties) = preSolution
		HideSolutionNode = FALSE
	EndGlobalSection
	GlobalSection(ExtensibilityGlobals) = postSolution
		SolutionGuid = {428FBD8B-F767-4EA0-B0E3-870459025A10}
	EndGlobalSection
EndGlobal
